// !$*UTF8*$!
{
	archiveVersion = 1;
	classes = {
	};
	objectVersion = 50;
	objects = {

/* Begin PBXBuildFile section */
		1F3E61EC24113DAF00FB6D53 /* ModalView.swift in Sources */ = {isa = PBXBuildFile; fileRef = 1F3E61EB24113DAF00FB6D53 /* ModalView.swift */; };
		1F3E61EE241142CC00FB6D53 /* ShowedProps.swift in Sources */ = {isa = PBXBuildFile; fileRef = 1F3E61ED241142CC00FB6D53 /* ShowedProps.swift */; };
		1F3E61F024114CF300FB6D53 /* TabViewItem.swift in Sources */ = {isa = PBXBuildFile; fileRef = 1F3E61EF24114CF300FB6D53 /* TabViewItem.swift */; };
		1F3E61F224114F6900FB6D53 /* ListViewItem.swift in Sources */ = {isa = PBXBuildFile; fileRef = 1F3E61F124114F6900FB6D53 /* ListViewItem.swift */; };
		1F3EBBCB240FF11E000B8443 /* HomeView.swift in Sources */ = {isa = PBXBuildFile; fileRef = 1F3EBBCA240FF11E000B8443 /* HomeView.swift */; };
		1F3EBBCD240FF4F2000B8443 /* AboutView.swift in Sources */ = {isa = PBXBuildFile; fileRef = 1F3EBBCC240FF4F2000B8443 /* AboutView.swift */; };
		1F3EBBCF240FF669000B8443 /* ListView.swift in Sources */ = {isa = PBXBuildFile; fileRef = 1F3EBBCE240FF669000B8443 /* ListView.swift */; };
		1F3EBBD2240FF68B000B8443 /* Item.swift in Sources */ = {isa = PBXBuildFile; fileRef = 1F3EBBD1240FF68B000B8443 /* Item.swift */; };
		1F3EBBD4240FF781000B8443 /* Model.swift in Sources */ = {isa = PBXBuildFile; fileRef = 1F3EBBD3240FF781000B8443 /* Model.swift */; };
		1F3EBBD6240FF9D4000B8443 /* ItemView.swift in Sources */ = {isa = PBXBuildFile; fileRef = 1F3EBBD5240FF9D4000B8443 /* ItemView.swift */; };
		1F7805CF240BF92700AC62B5 /* AppDelegate.swift in Sources */ = {isa = PBXBuildFile; fileRef = 1F7805CE240BF92700AC62B5 /* AppDelegate.swift */; };
		1F7805D1240BF92700AC62B5 /* SceneDelegate.swift in Sources */ = {isa = PBXBuildFile; fileRef = 1F7805D0240BF92700AC62B5 /* SceneDelegate.swift */; };
		1F7805D3240BF92700AC62B5 /* RootView.swift in Sources */ = {isa = PBXBuildFile; fileRef = 1F7805D2240BF92700AC62B5 /* RootView.swift */; };
		1F7805D5240BF92A00AC62B5 /* Assets.xcassets in Resources */ = {isa = PBXBuildFile; fileRef = 1F7805D4240BF92A00AC62B5 /* Assets.xcassets */; };
		1F7805D8240BF92A00AC62B5 /* Preview Assets.xcassets in Resources */ = {isa = PBXBuildFile; fileRef = 1F7805D7240BF92A00AC62B5 /* Preview Assets.xcassets */; };
		1F7805DB240BF92A00AC62B5 /* LaunchScreen.storyboard in Resources */ = {isa = PBXBuildFile; fileRef = 1F7805D9240BF92A00AC62B5 /* LaunchScreen.storyboard */; };
/* End PBXBuildFile section */

/* Begin PBXFileReference section */
		1F3E61EB24113DAF00FB6D53 /* ModalView.swift */ = {isa = PBXFileReference; lastKnownFileType = sourcecode.swift; path = ModalView.swift; sourceTree = "<group>"; };
		1F3E61ED241142CC00FB6D53 /* ShowedProps.swift */ = {isa = PBXFileReference; lastKnownFileType = sourcecode.swift; path = ShowedProps.swift; sourceTree = "<group>"; };
		1F3E61EF24114CF300FB6D53 /* TabViewItem.swift */ = {isa = PBXFileReference; lastKnownFileType = sourcecode.swift; path = TabViewItem.swift; sourceTree = "<group>"; };
		1F3E61F124114F6900FB6D53 /* ListViewItem.swift */ = {isa = PBXFileReference; lastKnownFileType = sourcecode.swift; path = ListViewItem.swift; sourceTree = "<group>"; };
		1F3EBBCA240FF11E000B8443 /* HomeView.swift */ = {isa = PBXFileReference; lastKnownFileType = sourcecode.swift; path = HomeView.swift; sourceTree = "<group>"; };
		1F3EBBCC240FF4F2000B8443 /* AboutView.swift */ = {isa = PBXFileReference; lastKnownFileType = sourcecode.swift; path = AboutView.swift; sourceTree = "<group>"; };
		1F3EBBCE240FF669000B8443 /* ListView.swift */ = {isa = PBXFileReference; lastKnownFileType = sourcecode.swift; path = ListView.swift; sourceTree = "<group>"; };
		1F3EBBD1240FF68B000B8443 /* Item.swift */ = {isa = PBXFileReference; lastKnownFileType = sourcecode.swift; path = Item.swift; sourceTree = "<group>"; };
		1F3EBBD3240FF781000B8443 /* Model.swift */ = {isa = PBXFileReference; lastKnownFileType = sourcecode.swift; path = Model.swift; sourceTree = "<group>"; };
		1F3EBBD5240FF9D4000B8443 /* ItemView.swift */ = {isa = PBXFileReference; lastKnownFileType = sourcecode.swift; path = ItemView.swift; sourceTree = "<group>"; };
		1F7805CB240BF92700AC62B5 /* HA1App.app */ = {isa = PBXFileReference; explicitFileType = wrapper.application; includeInIndex = 0; path = HA1App.app; sourceTree = BUILT_PRODUCTS_DIR; };
		1F7805CE240BF92700AC62B5 /* AppDelegate.swift */ = {isa = PBXFileReference; lastKnownFileType = sourcecode.swift; path = AppDelegate.swift; sourceTree = "<group>"; };
		1F7805D0240BF92700AC62B5 /* SceneDelegate.swift */ = {isa = PBXFileReference; lastKnownFileType = sourcecode.swift; path = SceneDelegate.swift; sourceTree = "<group>"; };
		1F7805D2240BF92700AC62B5 /* RootView.swift */ = {isa = PBXFileReference; lastKnownFileType = sourcecode.swift; path = RootView.swift; sourceTree = "<group>"; };
		1F7805D4240BF92A00AC62B5 /* Assets.xcassets */ = {isa = PBXFileReference; lastKnownFileType = folder.assetcatalog; path = Assets.xcassets; sourceTree = "<group>"; };
		1F7805D7240BF92A00AC62B5 /* Preview Assets.xcassets */ = {isa = PBXFileReference; lastKnownFileType = folder.assetcatalog; path = "Preview Assets.xcassets"; sourceTree = "<group>"; };
		1F7805DA240BF92A00AC62B5 /* Base */ = {isa = PBXFileReference; lastKnownFileType = file.storyboard; name = Base; path = Base.lproj/LaunchScreen.storyboard; sourceTree = "<group>"; };
		1F7805DC240BF92A00AC62B5 /* Info.plist */ = {isa = PBXFileReference; lastKnownFileType = text.plist.xml; path = Info.plist; sourceTree = "<group>"; };
/* End PBXFileReference section */

/* Begin PBXFrameworksBuildPhase section */
		1F7805C8240BF92700AC62B5 /* Frameworks */ = {
			isa = PBXFrameworksBuildPhase;
			buildActionMask = 2147483647;
			files = (
			);
			runOnlyForDeploymentPostprocessing = 0;
		};
/* End PBXFrameworksBuildPhase section */

/* Begin PBXGroup section */
		1F3EBBD0240FF673000B8443 /* Model */ = {
			isa = PBXGroup;
			children = (
				1F3EBBD1240FF68B000B8443 /* Item.swift */,
				1F3EBBD3240FF781000B8443 /* Model.swift */,
			);
			path = Model;
			sourceTree = "<group>";
		};
		1F7805C2240BF92700AC62B5 = {
			isa = PBXGroup;
			children = (
				1F7805CD240BF92700AC62B5 /* HA1App */,
				1F7805CC240BF92700AC62B5 /* Products */,
			);
			sourceTree = "<group>";
		};
		1F7805CC240BF92700AC62B5 /* Products */ = {
			isa = PBXGroup;
			children = (
				1F7805CB240BF92700AC62B5 /* HA1App.app */,
			);
			name = Products;
			sourceTree = "<group>";
		};
		1F7805CD240BF92700AC62B5 /* HA1App */ = {
			isa = PBXGroup;
			children = (
				1F3EBBD0240FF673000B8443 /* Model */,
				1F7805CE240BF92700AC62B5 /* AppDelegate.swift */,
				1F7805D0240BF92700AC62B5 /* SceneDelegate.swift */,
				1F7805D2240BF92700AC62B5 /* RootView.swift */,
				1F7805D4240BF92A00AC62B5 /* Assets.xcassets */,
				1F7805D9240BF92A00AC62B5 /* LaunchScreen.storyboard */,
				1F7805DC240BF92A00AC62B5 /* Info.plist */,
				1F7805D6240BF92A00AC62B5 /* Preview Content */,
				1F3EBBCA240FF11E000B8443 /* HomeView.swift */,
				1F3EBBCC240FF4F2000B8443 /* AboutView.swift */,
				1F3EBBCE240FF669000B8443 /* ListView.swift */,
				1F3EBBD5240FF9D4000B8443 /* ItemView.swift */,
				1F3E61EB24113DAF00FB6D53 /* ModalView.swift */,
				1F3E61ED241142CC00FB6D53 /* ShowedProps.swift */,
				1F3E61EF24114CF300FB6D53 /* TabViewItem.swift */,
				1F3E61F124114F6900FB6D53 /* ListViewItem.swift */,
			);
			path = HA1App;
			sourceTree = "<group>";
		};
		1F7805D6240BF92A00AC62B5 /* Preview Content */ = {
			isa = PBXGroup;
			children = (
				1F7805D7240BF92A00AC62B5 /* Preview Assets.xcassets */,
			);
			path = "Preview Content";
			sourceTree = "<group>";
		};
/* End PBXGroup section */

/* Begin PBXNativeTarget section */
		1F7805CA240BF92700AC62B5 /* HA1App */ = {
			isa = PBXNativeTarget;
			buildConfigurationList = 1F7805DF240BF92A00AC62B5 /* Build configuration list for PBXNativeTarget "HA1App" */;
			buildPhases = (
				1F7805C7240BF92700AC62B5 /* Sources */,
				1F7805C8240BF92700AC62B5 /* Frameworks */,
				1F7805C9240BF92700AC62B5 /* Resources */,
			);
			buildRules = (
			);
			dependencies = (
			);
			name = HA1App;
			productName = HA1App;
			productReference = 1F7805CB240BF92700AC62B5 /* HA1App.app */;
			productType = "com.apple.product-type.application";
		};
/* End PBXNativeTarget section */

/* Begin PBXProject section */
		1F7805C3240BF92700AC62B5 /* Project object */ = {
			isa = PBXProject;
			attributes = {
				LastSwiftUpdateCheck = 1130;
				LastUpgradeCheck = 1130;
				ORGANIZATIONNAME = "Иван Лазарев";
				TargetAttributes = {
					1F7805CA240BF92700AC62B5 = {
						CreatedOnToolsVersion = 11.3.1;
					};
				};
			};
			buildConfigurationList = 1F7805C6240BF92700AC62B5 /* Build configuration list for PBXProject "HA1App" */;
			compatibilityVersion = "Xcode 9.3";
			developmentRegion = en;
			hasScannedForEncodings = 0;
			knownRegions = (
				en,
				Base,
			);
			mainGroup = 1F7805C2240BF92700AC62B5;
			productRefGroup = 1F7805CC240BF92700AC62B5 /* Products */;
			projectDirPath = "";
			projectRoot = "";
			targets = (
				1F7805CA240BF92700AC62B5 /* HA1App */,
			);
		};
/* End PBXProject section */

/* Begin PBXResourcesBuildPhase section */
		1F7805C9240BF92700AC62B5 /* Resources */ = {
			isa = PBXResourcesBuildPhase;
			buildActionMask = 2147483647;
			files = (
				1F7805DB240BF92A00AC62B5 /* LaunchScreen.storyboard in Resources */,
				1F7805D8240BF92A00AC62B5 /* Preview Assets.xcassets in Resources */,
				1F7805D5240BF92A00AC62B5 /* Assets.xcassets in Resources */,
			);
			runOnlyForDeploymentPostprocessing = 0;
		};
/* End PBXResourcesBuildPhase section */

/* Begin PBXSourcesBuildPhase section */
		1F7805C7240BF92700AC62B5 /* Sources */ = {
			isa = PBXSourcesBuildPhase;
			buildActionMask = 2147483647;
			files = (
				1F7805CF240BF92700AC62B5 /* AppDelegate.swift in Sources */,
				1F3EBBCB240FF11E000B8443 /* HomeView.swift in Sources */,
				1F3EBBCF240FF669000B8443 /* ListView.swift in Sources */,
				1F7805D1240BF92700AC62B5 /* SceneDelegate.swift in Sources */,
				1F3E61EC24113DAF00FB6D53 /* ModalView.swift in Sources */,
				1F3EBBD6240FF9D4000B8443 /* ItemView.swift in Sources */,
				1F3EBBD2240FF68B000B8443 /* Item.swift in Sources */,
				1F7805D3240BF92700AC62B5 /* RootView.swift in Sources */,
				1F3EBBCD240FF4F2000B8443 /* AboutView.swift in Sources */,
				1F3E61F024114CF300FB6D53 /* TabViewItem.swift in Sources */,
				1F3EBBD4240FF781000B8443 /* Model.swift in Sources */,
				1F3E61F224114F6900FB6D53 /* ListViewItem.swift in Sources */,
				1F3E61EE241142CC00FB6D53 /* ShowedProps.swift in Sources */,
			);
			runOnlyForDeploymentPostprocessing = 0;
		};
/* End PBXSourcesBuildPhase section */

/* Begin PBXVariantGroup section */
		1F7805D9240BF92A00AC62B5 /* LaunchScreen.storyboard */ = {
			isa = PBXVariantGroup;
			children = (
				1F7805DA240BF92A00AC62B5 /* Base */,
			);
			name = LaunchScreen.storyboard;
			sourceTree = "<group>";
		};
/* End PBXVariantGroup section */

/* Begin XCBuildConfiguration section */
		1F7805DD240BF92A00AC62B5 /* Debug */ = {
			isa = XCBuildConfiguration;
			buildSettings = {
				ALWAYS_SEARCH_USER_PATHS = NO;
				CLANG_ANALYZER_NONNULL = YES;
				CLANG_ANALYZER_NUMBER_OBJECT_CONVERSION = YES_AGGRESSIVE;
				CLANG_CXX_LANGUAGE_STANDARD = "gnu++14";
				CLANG_CXX_LIBRARY = "libc++";
				CLANG_ENABLE_MODULES = YES;
				CLANG_ENABLE_OBJC_ARC = YES;
				CLANG_ENABLE_OBJC_WEAK = YES;
				CLANG_WARN_BLOCK_CAPTURE_AUTORELEASING = YES;
				CLANG_WARN_BOOL_CONVERSION = YES;
				CLANG_WARN_COMMA = YES;
				CLANG_WARN_CONSTANT_CONVERSION = YES;
				CLANG_WARN_DEPRECATED_OBJC_IMPLEMENTATIONS = YES;
				CLANG_WARN_DIRECT_OBJC_ISA_USAGE = YES_ERROR;
				CLANG_WARN_DOCUMENTATION_COMMENTS = YES;
				CLANG_WARN_EMPTY_BODY = YES;
				CLANG_WARN_ENUM_CONVERSION = YES;
				CLANG_WARN_INFINITE_RECURSION = YES;
				CLANG_WARN_INT_CONVERSION = YES;
				CLANG_WARN_NON_LITERAL_NULL_CONVERSION = YES;
				CLANG_WARN_OBJC_IMPLICIT_RETAIN_SELF = YES;
				CLANG_WARN_OBJC_LITERAL_CONVERSION = YES;
				CLANG_WARN_OBJC_ROOT_CLASS = YES_ERROR;
				CLANG_WARN_RANGE_LOOP_ANALYSIS = YES;
				CLANG_WARN_STRICT_PROTOTYPES = YES;
				CLANG_WARN_SUSPICIOUS_MOVE = YES;
				CLANG_WARN_UNGUARDED_AVAILABILITY = YES_AGGRESSIVE;
				CLANG_WARN_UNREACHABLE_CODE = YES;
				CLANG_WARN__DUPLICATE_METHOD_MATCH = YES;
				COPY_PHASE_STRIP = NO;
				DEBUG_INFORMATION_FORMAT = dwarf;
				ENABLE_STRICT_OBJC_MSGSEND = YES;
				ENABLE_TESTABILITY = YES;
				GCC_C_LANGUAGE_STANDARD = gnu11;
				GCC_DYNAMIC_NO_PIC = NO;
				GCC_NO_COMMON_BLOCKS = YES;
				GCC_OPTIMIZATION_LEVEL = 0;
				GCC_PREPROCESSOR_DEFINITIONS = (
					"DEBUG=1",
					"$(inherited)",
				);
				GCC_WARN_64_TO_32_BIT_CONVERSION = YES;
				GCC_WARN_ABOUT_RETURN_TYPE = YES_ERROR;
				GCC_WARN_UNDECLARED_SELECTOR = YES;
				GCC_WARN_UNINITIALIZED_AUTOS = YES_AGGRESSIVE;
				GCC_WARN_UNUSED_FUNCTION = YES;
				GCC_WARN_UNUSED_VARIABLE = YES;
				IPHONEOS_DEPLOYMENT_TARGET = 13.2;
				MTL_ENABLE_DEBUG_INFO = INCLUDE_SOURCE;
				MTL_FAST_MATH = YES;
				ONLY_ACTIVE_ARCH = YES;
				SDKROOT = iphoneos;
				SWIFT_ACTIVE_COMPILATION_CONDITIONS = DEBUG;
				SWIFT_OPTIMIZATION_LEVEL = "-Onone";
			};
			name = Debug;
		};
		1F7805DE240BF92A00AC62B5 /* Release */ = {
			isa = XCBuildConfiguration;
			buildSettings = {
				ALWAYS_SEARCH_USER_PATHS = NO;
				CLANG_ANALYZER_NONNULL = YES;
				CLANG_ANALYZER_NUMBER_OBJECT_CONVERSION = YES_AGGRESSIVE;
				CLANG_CXX_LANGUAGE_STANDARD = "gnu++14";
				CLANG_CXX_LIBRARY = "libc++";
				CLANG_ENABLE_MODULES = YES;
				CLANG_ENABLE_OBJC_ARC = YES;
				CLANG_ENABLE_OBJC_WEAK = YES;
				CLANG_WARN_BLOCK_CAPTURE_AUTORELEASING = YES;
				CLANG_WARN_BOOL_CONVERSION = YES;
				CLANG_WARN_COMMA = YES;
				CLANG_WARN_CONSTANT_CONVERSION = YES;
				CLANG_WARN_DEPRECATED_OBJC_IMPLEMENTATIONS = YES;
				CLANG_WARN_DIRECT_OBJC_ISA_USAGE = YES_ERROR;
				CLANG_WARN_DOCUMENTATION_COMMENTS = YES;
				CLANG_WARN_EMPTY_BODY = YES;
				CLANG_WARN_ENUM_CONVERSION = YES;
				CLANG_WARN_INFINITE_RECURSION = YES;
				CLANG_WARN_INT_CONVERSION = YES;
				CLANG_WARN_NON_LITERAL_NULL_CONVERSION = YES;
				CLANG_WARN_OBJC_IMPLICIT_RETAIN_SELF = YES;
				CLANG_WARN_OBJC_LITERAL_CONVERSION = YES;
				CLANG_WARN_OBJC_ROOT_CLASS = YES_ERROR;
				CLANG_WARN_RANGE_LOOP_ANALYSIS = YES;
				CLANG_WARN_STRICT_PROTOTYPES = YES;
				CLANG_WARN_SUSPICIOUS_MOVE = YES;
				CLANG_WARN_UNGUARDED_AVAILABILITY = YES_AGGRESSIVE;
				CLANG_WARN_UNREACHABLE_CODE = YES;
				CLANG_WARN__DUPLICATE_METHOD_MATCH = YES;
				COPY_PHASE_STRIP = NO;
				DEBUG_INFORMATION_FORMAT = "dwarf-with-dsym";
				ENABLE_NS_ASSERTIONS = NO;
				ENABLE_STRICT_OBJC_MSGSEND = YES;
				GCC_C_LANGUAGE_STANDARD = gnu11;
				GCC_NO_COMMON_BLOCKS = YES;
				GCC_WARN_64_TO_32_BIT_CONVERSION = YES;
				GCC_WARN_ABOUT_RETURN_TYPE = YES_ERROR;
				GCC_WARN_UNDECLARED_SELECTOR = YES;
				GCC_WARN_UNINITIALIZED_AUTOS = YES_AGGRESSIVE;
				GCC_WARN_UNUSED_FUNCTION = YES;
				GCC_WARN_UNUSED_VARIABLE = YES;
				IPHONEOS_DEPLOYMENT_TARGET = 13.2;
				MTL_ENABLE_DEBUG_INFO = NO;
				MTL_FAST_MATH = YES;
				SDKROOT = iphoneos;
				SWIFT_COMPILATION_MODE = wholemodule;
				SWIFT_OPTIMIZATION_LEVEL = "-O";
				VALIDATE_PRODUCT = YES;
			};
			name = Release;
		};
		1F7805E0240BF92A00AC62B5 /* Debug */ = {
			isa = XCBuildConfiguration;
			buildSettings = {
				ASSETCATALOG_COMPILER_APPICON_NAME = AppIcon;
				CODE_SIGN_STYLE = Automatic;
				DEVELOPMENT_ASSET_PATHS = "\"HA1App/Preview Content\"";
				DEVELOPMENT_TEAM = W97V5Q837R;
				ENABLE_PREVIEWS = YES;
				INFOPLIST_FILE = HA1App/Info.plist;
				LD_RUNPATH_SEARCH_PATHS = (
					"$(inherited)",
					"@executable_path/Frameworks",
				);
				PRODUCT_BUNDLE_IDENTIFIER = com.cloudike.cloudike.HA1App;
				PRODUCT_NAME = "$(TARGET_NAME)";
				SWIFT_VERSION = 5.0;
				TARGETED_DEVICE_FAMILY = "1,2";
			};
			name = Debug;
		};
		1F7805E1240BF92A00AC62B5 /* Release */ = {
			isa = XCBuildConfiguration;
			buildSettings = {
				ASSETCATALOG_COMPILER_APPICON_NAME = AppIcon;
				CODE_SIGN_STYLE = Automatic;
				DEVELOPMENT_ASSET_PATHS = "\"HA1App/Preview Content\"";
				DEVELOPMENT_TEAM = W97V5Q837R;
				ENABLE_PREVIEWS = YES;
				INFOPLIST_FILE = HA1App/Info.plist;
				LD_RUNPATH_SEARCH_PATHS = (
					"$(inherited)",
					"@executable_path/Frameworks",
				);
				PRODUCT_BUNDLE_IDENTIFIER = com.cloudike.cloudike.HA1App;
				PRODUCT_NAME = "$(TARGET_NAME)";
				SWIFT_VERSION = 5.0;
				TARGETED_DEVICE_FAMILY = "1,2";
			};
			name = Release;
		};
/* End XCBuildConfiguration section */

/* Begin XCConfigurationList section */
		1F7805C6240BF92700AC62B5 /* Build configuration list for PBXProject "HA1App" */ = {
			isa = XCConfigurationList;
			buildConfigurations = (
				1F7805DD240BF92A00AC62B5 /* Debug */,
				1F7805DE240BF92A00AC62B5 /* Release */,
			);
			defaultConfigurationIsVisible = 0;
			defaultConfigurationName = Release;
		};
		1F7805DF240BF92A00AC62B5 /* Build configuration list for PBXNativeTarget "HA1App" */ = {
			isa = XCConfigurationList;
			buildConfigurations = (
				1F7805E0240BF92A00AC62B5 /* Debug */,
				1F7805E1240BF92A00AC62B5 /* Release */,
			);
			defaultConfigurationIsVisible = 0;
			defaultConfigurationName = Release;
		};
/* End XCConfigurationList section */
	};
	rootObject = 1F7805C3240BF92700AC62B5 /* Project object */;
}
